// !$*UTF8*$!
{
	archiveVersion = 1;
	classes = {
	};
	objectVersion = 46;
	objects = {

/* Begin PBXBuildFile section */
		03F75C9D1ED470E900C21160 /* main.m in Sources */ = {isa = PBXBuildFile; fileRef = 03F75C9C1ED470E900C21160 /* main.m */; };
		03F75CA01ED470E900C21160 /* AppDelegate.m in Sources */ = {isa = PBXBuildFile; fileRef = 03F75C9F1ED470E900C21160 /* AppDelegate.m */; };
		03F75CA31ED470E900C21160 /* ViewController.m in Sources */ = {isa = PBXBuildFile; fileRef = 03F75CA21ED470E900C21160 /* ViewController.m */; };
		03F75CA61ED470E900C21160 /* Main.storyboard in Resources */ = {isa = PBXBuildFile; fileRef = 03F75CA41ED470E900C21160 /* Main.storyboard */; };
		03F75CA81ED470E900C21160 /* Assets.xcassets in Resources */ = {isa = PBXBuildFile; fileRef = 03F75CA71ED470E900C21160 /* Assets.xcassets */; };
		03F75CAB1ED470E900C21160 /* LaunchScreen.storyboard in Resources */ = {isa = PBXBuildFile; fileRef = 03F75CA91ED470E900C21160 /* LaunchScreen.storyboard */; };
		03F75CB61ED470E900C21160 /* LYJUnitPublicTests.m in Sources */ = {isa = PBXBuildFile; fileRef = 03F75CB51ED470E900C21160 /* LYJUnitPublicTests.m */; };
		03F75CC11ED470E900C21160 /* LYJUnitPublicUITests.m in Sources */ = {isa = PBXBuildFile; fileRef = 03F75CC01ED470E900C21160 /* LYJUnitPublicUITests.m */; };
		03F75CD51ED473AC00C21160 /* LYJUnit.m in Sources */ = {isa = PBXBuildFile; fileRef = 03F75CD41ED473AC00C21160 /* LYJUnit.m */; };
		03F75CDB1ED4833300C21160 /* LYJUnitAttributedData.m in Sources */ = {isa = PBXBuildFile; fileRef = 03F75CDA1ED4833300C21160 /* LYJUnitAttributedData.m */; };
		1E06CC5C1EF7C60B0045BD25 /* NSObject+LYJKVOCategory.m in Sources */ = {isa = PBXBuildFile; fileRef = 1E06CC5B1EF7C60B0045BD25 /* NSObject+LYJKVOCategory.m */; };
		1E4469941EEE665A00751B80 /* UIAlertController+Category.m in Sources */ = {isa = PBXBuildFile; fileRef = 1E4469931EEE665A00751B80 /* UIAlertController+Category.m */; };
		1E44BA0A1EE8F21A00FD6BDF /* LYJTestModel.m in Sources */ = {isa = PBXBuildFile; fileRef = 1E44BA091EE8F21A00FD6BDF /* LYJTestModel.m */; };
		1E5C24901EE7FE3A00CB809B /* UserNotifications.framework in Frameworks */ = {isa = PBXBuildFile; fileRef = 1E5C248F1EE7FE3A00CB809B /* UserNotifications.framework */; };
		1E725CA11EEFD6C4009852E4 /* LYJKVOHandler.m in Sources */ = {isa = PBXBuildFile; fileRef = 1E725CA01EEFD6C4009852E4 /* LYJKVOHandler.m */; };
		1EF4631F1EEAA70400721AAC /* LYJScanHelper.m in Sources */ = {isa = PBXBuildFile; fileRef = 1EF4631E1EEAA70400721AAC /* LYJScanHelper.m */; };
		1EFB2B461EEE4898009A2F99 /* LYJAlertController.m in Sources */ = {isa = PBXBuildFile; fileRef = 1EFB2B451EEE4898009A2F99 /* LYJAlertController.m */; };
/* End PBXBuildFile section */

/* Begin PBXContainerItemProxy section */
		03F75CB21ED470E900C21160 /* PBXContainerItemProxy */ = {
			isa = PBXContainerItemProxy;
			containerPortal = 03F75C901ED470E900C21160 /* Project object */;
			proxyType = 1;
			remoteGlobalIDString = 03F75C971ED470E900C21160;
			remoteInfo = LYJUnitPublic;
		};
		03F75CBD1ED470E900C21160 /* PBXContainerItemProxy */ = {
			isa = PBXContainerItemProxy;
			containerPortal = 03F75C901ED470E900C21160 /* Project object */;
			proxyType = 1;
			remoteGlobalIDString = 03F75C971ED470E900C21160;
			remoteInfo = LYJUnitPublic;
		};
/* End PBXContainerItemProxy section */

/* Begin PBXFileReference section */
		03F75C981ED470E900C21160 /* LYJUnitPublic.app */ = {isa = PBXFileReference; explicitFileType = wrapper.application; includeInIndex = 0; path = LYJUnitPublic.app; sourceTree = BUILT_PRODUCTS_DIR; };
		03F75C9C1ED470E900C21160 /* main.m */ = {isa = PBXFileReference; lastKnownFileType = sourcecode.c.objc; path = main.m; sourceTree = "<group>"; };
		03F75C9E1ED470E900C21160 /* AppDelegate.h */ = {isa = PBXFileReference; lastKnownFileType = sourcecode.c.h; path = AppDelegate.h; sourceTree = "<group>"; };
		03F75C9F1ED470E900C21160 /* AppDelegate.m */ = {isa = PBXFileReference; lastKnownFileType = sourcecode.c.objc; path = AppDelegate.m; sourceTree = "<group>"; };
		03F75CA11ED470E900C21160 /* ViewController.h */ = {isa = PBXFileReference; lastKnownFileType = sourcecode.c.h; path = ViewController.h; sourceTree = "<group>"; };
		03F75CA21ED470E900C21160 /* ViewController.m */ = {isa = PBXFileReference; lastKnownFileType = sourcecode.c.objc; path = ViewController.m; sourceTree = "<group>"; };
		03F75CA51ED470E900C21160 /* Base */ = {isa = PBXFileReference; lastKnownFileType = file.storyboard; name = Base; path = Base.lproj/Main.storyboard; sourceTree = "<group>"; };
		03F75CA71ED470E900C21160 /* Assets.xcassets */ = {isa = PBXFileReference; lastKnownFileType = folder.assetcatalog; path = Assets.xcassets; sourceTree = "<group>"; };
		03F75CAA1ED470E900C21160 /* Base */ = {isa = PBXFileReference; lastKnownFileType = file.storyboard; name = Base; path = Base.lproj/LaunchScreen.storyboard; sourceTree = "<group>"; };
		03F75CAC1ED470E900C21160 /* Info.plist */ = {isa = PBXFileReference; lastKnownFileType = text.plist.xml; path = Info.plist; sourceTree = "<group>"; };
		03F75CB11ED470E900C21160 /* LYJUnitPublicTests.xctest */ = {isa = PBXFileReference; explicitFileType = wrapper.cfbundle; includeInIndex = 0; path = LYJUnitPublicTests.xctest; sourceTree = BUILT_PRODUCTS_DIR; };
		03F75CB51ED470E900C21160 /* LYJUnitPublicTests.m */ = {isa = PBXFileReference; lastKnownFileType = sourcecode.c.objc; path = LYJUnitPublicTests.m; sourceTree = "<group>"; };
		03F75CB71ED470E900C21160 /* Info.plist */ = {isa = PBXFileReference; lastKnownFileType = text.plist.xml; path = Info.plist; sourceTree = "<group>"; };
		03F75CBC1ED470E900C21160 /* LYJUnitPublicUITests.xctest */ = {isa = PBXFileReference; explicitFileType = wrapper.cfbundle; includeInIndex = 0; path = LYJUnitPublicUITests.xctest; sourceTree = BUILT_PRODUCTS_DIR; };
		03F75CC01ED470E900C21160 /* LYJUnitPublicUITests.m */ = {isa = PBXFileReference; lastKnownFileType = sourcecode.c.objc; path = LYJUnitPublicUITests.m; sourceTree = "<group>"; };
		03F75CC21ED470E900C21160 /* Info.plist */ = {isa = PBXFileReference; lastKnownFileType = text.plist.xml; path = Info.plist; sourceTree = "<group>"; };
		03F75CD11ED4738100C21160 /* LYJUnitMacro.h */ = {isa = PBXFileReference; lastKnownFileType = sourcecode.c.h; path = LYJUnitMacro.h; sourceTree = "<group>"; };
		03F75CD21ED4739100C21160 /* LYJUnitHeader.h */ = {isa = PBXFileReference; lastKnownFileType = sourcecode.c.h; path = LYJUnitHeader.h; sourceTree = "<group>"; };
		03F75CD31ED473AC00C21160 /* LYJUnit.h */ = {isa = PBXFileReference; fileEncoding = 4; lastKnownFileType = sourcecode.c.h; path = LYJUnit.h; sourceTree = "<group>"; };
		03F75CD41ED473AC00C21160 /* LYJUnit.m */ = {isa = PBXFileReference; fileEncoding = 4; lastKnownFileType = sourcecode.c.objc; path = LYJUnit.m; sourceTree = "<group>"; };
		03F75CD91ED4833300C21160 /* LYJUnitAttributedData.h */ = {isa = PBXFileReference; fileEncoding = 4; lastKnownFileType = sourcecode.c.h; path = LYJUnitAttributedData.h; sourceTree = "<group>"; };
		03F75CDA1ED4833300C21160 /* LYJUnitAttributedData.m */ = {isa = PBXFileReference; fileEncoding = 4; lastKnownFileType = sourcecode.c.objc; path = LYJUnitAttributedData.m; sourceTree = "<group>"; };
		1E06CC5A1EF7C60B0045BD25 /* NSObject+LYJKVOCategory.h */ = {isa = PBXFileReference; fileEncoding = 4; lastKnownFileType = sourcecode.c.h; path = "NSObject+LYJKVOCategory.h"; sourceTree = "<group>"; };
		1E06CC5B1EF7C60B0045BD25 /* NSObject+LYJKVOCategory.m */ = {isa = PBXFileReference; fileEncoding = 4; lastKnownFileType = sourcecode.c.objc; path = "NSObject+LYJKVOCategory.m"; sourceTree = "<group>"; };
		1E4469921EEE665A00751B80 /* UIAlertController+Category.h */ = {isa = PBXFileReference; fileEncoding = 4; lastKnownFileType = sourcecode.c.h; path = "UIAlertController+Category.h"; sourceTree = "<group>"; };
		1E4469931EEE665A00751B80 /* UIAlertController+Category.m */ = {isa = PBXFileReference; fileEncoding = 4; lastKnownFileType = sourcecode.c.objc; path = "UIAlertController+Category.m"; sourceTree = "<group>"; };
		1E44BA081EE8F21A00FD6BDF /* LYJTestModel.h */ = {isa = PBXFileReference; fileEncoding = 4; lastKnownFileType = sourcecode.c.h; path = LYJTestModel.h; sourceTree = "<group>"; };
		1E44BA091EE8F21A00FD6BDF /* LYJTestModel.m */ = {isa = PBXFileReference; fileEncoding = 4; lastKnownFileType = sourcecode.c.objc; path = LYJTestModel.m; sourceTree = "<group>"; };
		1E5C248F1EE7FE3A00CB809B /* UserNotifications.framework */ = {isa = PBXFileReference; lastKnownFileType = wrapper.framework; name = UserNotifications.framework; path = System/Library/Frameworks/UserNotifications.framework; sourceTree = SDKROOT; };
		1E725C9F1EEFD6C4009852E4 /* LYJKVOHandler.h */ = {isa = PBXFileReference; fileEncoding = 4; lastKnownFileType = sourcecode.c.h; path = LYJKVOHandler.h; sourceTree = "<group>"; };
		1E725CA01EEFD6C4009852E4 /* LYJKVOHandler.m */ = {isa = PBXFileReference; fileEncoding = 4; lastKnownFileType = sourcecode.c.objc; path = LYJKVOHandler.m; sourceTree = "<group>"; };
		1EF4631D1EEAA70400721AAC /* LYJScanHelper.h */ = {isa = PBXFileReference; fileEncoding = 4; lastKnownFileType = sourcecode.c.h; path = LYJScanHelper.h; sourceTree = "<group>"; };
		1EF4631E1EEAA70400721AAC /* LYJScanHelper.m */ = {isa = PBXFileReference; fileEncoding = 4; lastKnownFileType = sourcecode.c.objc; path = LYJScanHelper.m; sourceTree = "<group>"; };
		1EFB2B441EEE4898009A2F99 /* LYJAlertController.h */ = {isa = PBXFileReference; fileEncoding = 4; lastKnownFileType = sourcecode.c.h; path = LYJAlertController.h; sourceTree = "<group>"; };
		1EFB2B451EEE4898009A2F99 /* LYJAlertController.m */ = {isa = PBXFileReference; fileEncoding = 4; lastKnownFileType = sourcecode.c.objc; path = LYJAlertController.m; sourceTree = "<group>"; };
/* End PBXFileReference section */

/* Begin PBXFrameworksBuildPhase section */
		03F75C951ED470E900C21160 /* Frameworks */ = {
			isa = PBXFrameworksBuildPhase;
			buildActionMask = 2147483647;
			files = (
				1E5C24901EE7FE3A00CB809B /* UserNotifications.framework in Frameworks */,
			);
			runOnlyForDeploymentPostprocessing = 0;
		};
		03F75CAE1ED470E900C21160 /* Frameworks */ = {
			isa = PBXFrameworksBuildPhase;
			buildActionMask = 2147483647;
			files = (
			);
			runOnlyForDeploymentPostprocessing = 0;
		};
		03F75CB91ED470E900C21160 /* Frameworks */ = {
			isa = PBXFrameworksBuildPhase;
			buildActionMask = 2147483647;
			files = (
			);
			runOnlyForDeploymentPostprocessing = 0;
		};
/* End PBXFrameworksBuildPhase section */

/* Begin PBXGroup section */
		03F75C8F1ED470E900C21160 = {
			isa = PBXGroup;
			children = (
				03F75C9A1ED470E900C21160 /* LYJUnitPublic */,
				03F75CB41ED470E900C21160 /* LYJUnitPublicTests */,
				03F75CBF1ED470E900C21160 /* LYJUnitPublicUITests */,
				03F75C991ED470E900C21160 /* Products */,
				1E5C248E1EE7FE3A00CB809B /* Frameworks */,
			);
			sourceTree = "<group>";
		};
		03F75C991ED470E900C21160 /* Products */ = {
			isa = PBXGroup;
			children = (
				03F75C981ED470E900C21160 /* LYJUnitPublic.app */,
				03F75CB11ED470E900C21160 /* LYJUnitPublicTests.xctest */,
				03F75CBC1ED470E900C21160 /* LYJUnitPublicUITests.xctest */,
			);
			name = Products;
			sourceTree = "<group>";
		};
		03F75C9A1ED470E900C21160 /* LYJUnitPublic */ = {
			isa = PBXGroup;
			children = (
				03F75CCE1ED472BD00C21160 /* LYJUnit */,
				03F75C9E1ED470E900C21160 /* AppDelegate.h */,
				03F75C9F1ED470E900C21160 /* AppDelegate.m */,
				03F75CA11ED470E900C21160 /* ViewController.h */,
				03F75CA21ED470E900C21160 /* ViewController.m */,
				1E44BA071EE8F1FC00FD6BDF /* TestModel */,
				03F75CA41ED470E900C21160 /* Main.storyboard */,
				03F75CA71ED470E900C21160 /* Assets.xcassets */,
				03F75CA91ED470E900C21160 /* LaunchScreen.storyboard */,
				03F75CAC1ED470E900C21160 /* Info.plist */,
				03F75C9B1ED470E900C21160 /* Supporting Files */,
			);
			path = LYJUnitPublic;
			sourceTree = "<group>";
		};
		03F75C9B1ED470E900C21160 /* Supporting Files */ = {
			isa = PBXGroup;
			children = (
				03F75C9C1ED470E900C21160 /* main.m */,
			);
			name = "Supporting Files";
			sourceTree = "<group>";
		};
		03F75CB41ED470E900C21160 /* LYJUnitPublicTests */ = {
			isa = PBXGroup;
			children = (
				03F75CB51ED470E900C21160 /* LYJUnitPublicTests.m */,
				03F75CB71ED470E900C21160 /* Info.plist */,
			);
			path = LYJUnitPublicTests;
			sourceTree = "<group>";
		};
		03F75CBF1ED470E900C21160 /* LYJUnitPublicUITests */ = {
			isa = PBXGroup;
			children = (
				03F75CC01ED470E900C21160 /* LYJUnitPublicUITests.m */,
				03F75CC21ED470E900C21160 /* Info.plist */,
			);
			path = LYJUnitPublicUITests;
			sourceTree = "<group>";
		};
		03F75CCE1ED472BD00C21160 /* LYJUnit */ = {
			isa = PBXGroup;
			children = (
				03F75CD11ED4738100C21160 /* LYJUnitMacro.h */,
				03F75CD21ED4739100C21160 /* LYJUnitHeader.h */,
				03F75CD31ED473AC00C21160 /* LYJUnit.h */,
				03F75CD41ED473AC00C21160 /* LYJUnit.m */,
				03F75CD91ED4833300C21160 /* LYJUnitAttributedData.h */,
				03F75CDA1ED4833300C21160 /* LYJUnitAttributedData.m */,
				1EF4631D1EEAA70400721AAC /* LYJScanHelper.h */,
				1EF4631E1EEAA70400721AAC /* LYJScanHelper.m */,
				1EFB2B441EEE4898009A2F99 /* LYJAlertController.h */,
				1EFB2B451EEE4898009A2F99 /* LYJAlertController.m */,
				1E4469921EEE665A00751B80 /* UIAlertController+Category.h */,
				1E4469931EEE665A00751B80 /* UIAlertController+Category.m */,
				1E725C9F1EEFD6C4009852E4 /* LYJKVOHandler.h */,
				1E725CA01EEFD6C4009852E4 /* LYJKVOHandler.m */,
				1E06CC5A1EF7C60B0045BD25 /* NSObject+LYJKVOCategory.h */,
				1E06CC5B1EF7C60B0045BD25 /* NSObject+LYJKVOCategory.m */,
			);
			path = LYJUnit;
			sourceTree = "<group>";
		};
		1E44BA071EE8F1FC00FD6BDF /* TestModel */ = {
			isa = PBXGroup;
			children = (
				1E44BA081EE8F21A00FD6BDF /* LYJTestModel.h */,
				1E44BA091EE8F21A00FD6BDF /* LYJTestModel.m */,
			);
			name = TestModel;
			sourceTree = "<group>";
		};
		1E5C248E1EE7FE3A00CB809B /* Frameworks */ = {
			isa = PBXGroup;
			children = (
				1E5C248F1EE7FE3A00CB809B /* UserNotifications.framework */,
			);
			name = Frameworks;
			sourceTree = "<group>";
		};
/* End PBXGroup section */

/* Begin PBXNativeTarget section */
		03F75C971ED470E900C21160 /* LYJUnitPublic */ = {
			isa = PBXNativeTarget;
			buildConfigurationList = 03F75CC51ED470E900C21160 /* Build configuration list for PBXNativeTarget "LYJUnitPublic" */;
			buildPhases = (
				03F75C941ED470E900C21160 /* Sources */,
				03F75C951ED470E900C21160 /* Frameworks */,
				03F75C961ED470E900C21160 /* Resources */,
			);
			buildRules = (
			);
			dependencies = (
			);
			name = LYJUnitPublic;
			productName = LYJUnitPublic;
			productReference = 03F75C981ED470E900C21160 /* LYJUnitPublic.app */;
			productType = "com.apple.product-type.application";
		};
		03F75CB01ED470E900C21160 /* LYJUnitPublicTests */ = {
			isa = PBXNativeTarget;
			buildConfigurationList = 03F75CC81ED470E900C21160 /* Build configuration list for PBXNativeTarget "LYJUnitPublicTests" */;
			buildPhases = (
				03F75CAD1ED470E900C21160 /* Sources */,
				03F75CAE1ED470E900C21160 /* Frameworks */,
				03F75CAF1ED470E900C21160 /* Resources */,
			);
			buildRules = (
			);
			dependencies = (
				03F75CB31ED470E900C21160 /* PBXTargetDependency */,
			);
			name = LYJUnitPublicTests;
			productName = LYJUnitPublicTests;
			productReference = 03F75CB11ED470E900C21160 /* LYJUnitPublicTests.xctest */;
			productType = "com.apple.product-type.bundle.unit-test";
		};
		03F75CBB1ED470E900C21160 /* LYJUnitPublicUITests */ = {
			isa = PBXNativeTarget;
			buildConfigurationList = 03F75CCB1ED470E900C21160 /* Build configuration list for PBXNativeTarget "LYJUnitPublicUITests" */;
			buildPhases = (
				03F75CB81ED470E900C21160 /* Sources */,
				03F75CB91ED470E900C21160 /* Frameworks */,
				03F75CBA1ED470E900C21160 /* Resources */,
			);
			buildRules = (
			);
			dependencies = (
				03F75CBE1ED470E900C21160 /* PBXTargetDependency */,
			);
			name = LYJUnitPublicUITests;
			productName = LYJUnitPublicUITests;
			productReference = 03F75CBC1ED470E900C21160 /* LYJUnitPublicUITests.xctest */;
			productType = "com.apple.product-type.bundle.ui-testing";
		};
/* End PBXNativeTarget section */

/* Begin PBXProject section */
		03F75C901ED470E900C21160 /* Project object */ = {
			isa = PBXProject;
			attributes = {
				LastUpgradeCheck = 0830;
				ORGANIZATIONNAME = "Aries li";
				TargetAttributes = {
					03F75C971ED470E900C21160 = {
						CreatedOnToolsVersion = 8.3.2;
						DevelopmentTeam = WT46QFDQ67;
						ProvisioningStyle = Automatic;
					};
					03F75CB01ED470E900C21160 = {
						CreatedOnToolsVersion = 8.3.2;
						DevelopmentTeam = WT46QFDQ67;
						ProvisioningStyle = Automatic;
						TestTargetID = 03F75C971ED470E900C21160;
					};
					03F75CBB1ED470E900C21160 = {
						CreatedOnToolsVersion = 8.3.2;
						DevelopmentTeam = WT46QFDQ67;
						ProvisioningStyle = Automatic;
						TestTargetID = 03F75C971ED470E900C21160;
					};
				};
			};
			buildConfigurationList = 03F75C931ED470E900C21160 /* Build configuration list for PBXProject "LYJUnitPublic" */;
			compatibilityVersion = "Xcode 3.2";
			developmentRegion = English;
			hasScannedForEncodings = 0;
			knownRegions = (
				en,
				Base,
			);
			mainGroup = 03F75C8F1ED470E900C21160;
			productRefGroup = 03F75C991ED470E900C21160 /* Products */;
			projectDirPath = "";
			projectRoot = "";
			targets = (
				03F75C971ED470E900C21160 /* LYJUnitPublic */,
				03F75CB01ED470E900C21160 /* LYJUnitPublicTests */,
				03F75CBB1ED470E900C21160 /* LYJUnitPublicUITests */,
			);
		};
/* End PBXProject section */

/* Begin PBXResourcesBuildPhase section */
		03F75C961ED470E900C21160 /* Resources */ = {
			isa = PBXResourcesBuildPhase;
			buildActionMask = 2147483647;
			files = (
				03F75CAB1ED470E900C21160 /* LaunchScreen.storyboard in Resources */,
				03F75CA81ED470E900C21160 /* Assets.xcassets in Resources */,
				03F75CA61ED470E900C21160 /* Main.storyboard in Resources */,
			);
			runOnlyForDeploymentPostprocessing = 0;
		};
		03F75CAF1ED470E900C21160 /* Resources */ = {
			isa = PBXResourcesBuildPhase;
			buildActionMask = 2147483647;
			files = (
			);
			runOnlyForDeploymentPostprocessing = 0;
		};
		03F75CBA1ED470E900C21160 /* Resources */ = {
			isa = PBXResourcesBuildPhase;
			buildActionMask = 2147483647;
			files = (
			);
			runOnlyForDeploymentPostprocessing = 0;
		};
/* End PBXResourcesBuildPhase section */

/* Begin PBXSourcesBuildPhase section */
		03F75C941ED470E900C21160 /* Sources */ = {
			isa = PBXSourcesBuildPhase;
			buildActionMask = 2147483647;
			files = (
				03F75CA31ED470E900C21160 /* ViewController.m in Sources */,
				03F75CDB1ED4833300C21160 /* LYJUnitAttributedData.m in Sources */,
				1EFB2B461EEE4898009A2F99 /* LYJAlertController.m in Sources */,
				1E725CA11EEFD6C4009852E4 /* LYJKVOHandler.m in Sources */,
				1E06CC5C1EF7C60B0045BD25 /* NSObject+LYJKVOCategory.m in Sources */,
				03F75CA01ED470E900C21160 /* AppDelegate.m in Sources */,
				03F75C9D1ED470E900C21160 /* main.m in Sources */,
				1E4469941EEE665A00751B80 /* UIAlertController+Category.m in Sources */,
				1E44BA0A1EE8F21A00FD6BDF /* LYJTestModel.m in Sources */,
				1EF4631F1EEAA70400721AAC /* LYJScanHelper.m in Sources */,
				03F75CD51ED473AC00C21160 /* LYJUnit.m in Sources */,
			);
			runOnlyForDeploymentPostprocessing = 0;
		};
		03F75CAD1ED470E900C21160 /* Sources */ = {
			isa = PBXSourcesBuildPhase;
			buildActionMask = 2147483647;
			files = (
				03F75CB61ED470E900C21160 /* LYJUnitPublicTests.m in Sources */,
			);
			runOnlyForDeploymentPostprocessing = 0;
		};
		03F75CB81ED470E900C21160 /* Sources */ = {
			isa = PBXSourcesBuildPhase;
			buildActionMask = 2147483647;
			files = (
				03F75CC11ED470E900C21160 /* LYJUnitPublicUITests.m in Sources */,
			);
			runOnlyForDeploymentPostprocessing = 0;
		};
/* End PBXSourcesBuildPhase section */

/* Begin PBXTargetDependency section */
		03F75CB31ED470E900C21160 /* PBXTargetDependency */ = {
			isa = PBXTargetDependency;
			target = 03F75C971ED470E900C21160 /* LYJUnitPublic */;
			targetProxy = 03F75CB21ED470E900C21160 /* PBXContainerItemProxy */;
		};
		03F75CBE1ED470E900C21160 /* PBXTargetDependency */ = {
			isa = PBXTargetDependency;
			target = 03F75C971ED470E900C21160 /* LYJUnitPublic */;
			targetProxy = 03F75CBD1ED470E900C21160 /* PBXContainerItemProxy */;
		};
/* End PBXTargetDependency section */

/* Begin PBXVariantGroup section */
		03F75CA41ED470E900C21160 /* Main.storyboard */ = {
			isa = PBXVariantGroup;
			children = (
				03F75CA51ED470E900C21160 /* Base */,
			);
			name = Main.storyboard;
			sourceTree = "<group>";
		};
		03F75CA91ED470E900C21160 /* LaunchScreen.storyboard */ = {
			isa = PBXVariantGroup;
			children = (
				03F75CAA1ED470E900C21160 /* Base */,
			);
			name = LaunchScreen.storyboard;
			sourceTree = "<group>";
		};
/* End PBXVariantGroup section */

/* Begin XCBuildConfiguration section */
		03F75CC31ED470E900C21160 /* Debug */ = {
			isa = XCBuildConfiguration;
			buildSettings = {
				ALWAYS_SEARCH_USER_PATHS = NO;
				CLANG_ANALYZER_NONNULL = YES;
				CLANG_ANALYZER_NUMBER_OBJECT_CONVERSION = YES_AGGRESSIVE;
				CLANG_CXX_LANGUAGE_STANDARD = "gnu++0x";
				CLANG_CXX_LIBRARY = "libc++";
				CLANG_ENABLE_MODULES = YES;
				CLANG_ENABLE_OBJC_ARC = YES;
				CLANG_WARN_BOOL_CONVERSION = YES;
				CLANG_WARN_CONSTANT_CONVERSION = YES;
				CLANG_WARN_DIRECT_OBJC_ISA_USAGE = YES_ERROR;
				CLANG_WARN_DOCUMENTATION_COMMENTS = YES;
				CLANG_WARN_EMPTY_BODY = YES;
				CLANG_WARN_ENUM_CONVERSION = YES;
				CLANG_WARN_INFINITE_RECURSION = YES;
				CLANG_WARN_INT_CONVERSION = YES;
				CLANG_WARN_OBJC_ROOT_CLASS = YES_ERROR;
				CLANG_WARN_SUSPICIOUS_MOVE = YES;
				CLANG_WARN_UNREACHABLE_CODE = YES;
				CLANG_WARN__DUPLICATE_METHOD_MATCH = YES;
				"CODE_SIGN_IDENTITY[sdk=iphoneos*]" = "iPhone Developer";
				COPY_PHASE_STRIP = NO;
				DEBUG_INFORMATION_FORMAT = dwarf;
				ENABLE_STRICT_OBJC_MSGSEND = YES;
				ENABLE_TESTABILITY = YES;
				GCC_C_LANGUAGE_STANDARD = gnu99;
				GCC_DYNAMIC_NO_PIC = NO;
				GCC_NO_COMMON_BLOCKS = YES;
				GCC_OPTIMIZATION_LEVEL = 0;
				GCC_PREPROCESSOR_DEFINITIONS = (
					"DEBUG=1",
					"$(inherited)",
				);
				GCC_WARN_64_TO_32_BIT_CONVERSION = YES;
				GCC_WARN_ABOUT_RETURN_TYPE = YES_ERROR;
				GCC_WARN_UNDECLARED_SELECTOR = YES;
				GCC_WARN_UNINITIALIZED_AUTOS = YES_AGGRESSIVE;
				GCC_WARN_UNUSED_FUNCTION = YES;
				GCC_WARN_UNUSED_VARIABLE = YES;
				IPHONEOS_DEPLOYMENT_TARGET = 10.3;
				MTL_ENABLE_DEBUG_INFO = YES;
				ONLY_ACTIVE_ARCH = YES;
				SDKROOT = iphoneos;
			};
			name = Debug;
		};
		03F75CC41ED470E900C21160 /* Release */ = {
			isa = XCBuildConfiguration;
			buildSettings = {
				ALWAYS_SEARCH_USER_PATHS = NO;
				CLANG_ANALYZER_NONNULL = YES;
				CLANG_ANALYZER_NUMBER_OBJECT_CONVERSION = YES_AGGRESSIVE;
				CLANG_CXX_LANGUAGE_STANDARD = "gnu++0x";
				CLANG_CXX_LIBRARY = "libc++";
				CLANG_ENABLE_MODULES = YES;
				CLANG_ENABLE_OBJC_ARC = YES;
				CLANG_WARN_BOOL_CONVERSION = YES;
				CLANG_WARN_CONSTANT_CONVERSION = YES;
				CLANG_WARN_DIRECT_OBJC_ISA_USAGE = YES_ERROR;
				CLANG_WARN_DOCUMENTATION_COMMENTS = YES;
				CLANG_WARN_EMPTY_BODY = YES;
				CLANG_WARN_ENUM_CONVERSION = YES;
				CLANG_WARN_INFINITE_RECURSION = YES;
				CLANG_WARN_INT_CONVERSION = YES;
				CLANG_WARN_OBJC_ROOT_CLASS = YES_ERROR;
				CLANG_WARN_SUSPICIOUS_MOVE = YES;
				CLANG_WARN_UNREACHABLE_CODE = YES;
				CLANG_WARN__DUPLICATE_METHOD_MATCH = YES;
				"CODE_SIGN_IDENTITY[sdk=iphoneos*]" = "iPhone Developer";
				COPY_PHASE_STRIP = NO;
				DEBUG_INFORMATION_FORMAT = "dwarf-with-dsym";
				ENABLE_NS_ASSERTIONS = NO;
				ENABLE_STRICT_OBJC_MSGSEND = YES;
				GCC_C_LANGUAGE_STANDARD = gnu99;
				GCC_NO_COMMON_BLOCKS = YES;
				GCC_WARN_64_TO_32_BIT_CONVERSION = YES;
				GCC_WARN_ABOUT_RETURN_TYPE = YES_ERROR;
				GCC_WARN_UNDECLARED_SELECTOR = YES;
				GCC_WARN_UNINITIALIZED_AUTOS = YES_AGGRESSIVE;
				GCC_WARN_UNUSED_FUNCTION = YES;
				GCC_WARN_UNUSED_VARIABLE = YES;
				IPHONEOS_DEPLOYMENT_TARGET = 10.3;
				MTL_ENABLE_DEBUG_INFO = NO;
				SDKROOT = iphoneos;
				VALIDATE_PRODUCT = YES;
			};
			name = Release;
		};
		03F75CC61ED470E900C21160 /* Debug */ = {
			isa = XCBuildConfiguration;
			buildSettings = {
				ASSETCATALOG_COMPILER_APPICON_NAME = AppIcon;
				DEVELOPMENT_TEAM = WT46QFDQ67;
				INFOPLIST_FILE = LYJUnitPublic/Info.plist;
				IPHONEOS_DEPLOYMENT_TARGET = 8.0;
				LD_RUNPATH_SEARCH_PATHS = "$(inherited) @executable_path/Frameworks";
				PRODUCT_BUNDLE_IDENTIFIER = aries.LYJUnitPublic;
				PRODUCT_NAME = "$(TARGET_NAME)";
			};
			name = Debug;
		};
		03F75CC71ED470E900C21160 /* Release */ = {
			isa = XCBuildConfiguration;
			buildSettings = {
				ASSETCATALOG_COMPILER_APPICON_NAME = AppIcon;
				DEVELOPMENT_TEAM = WT46QFDQ67;
				INFOPLIST_FILE = LYJUnitPublic/Info.plist;
				IPHONEOS_DEPLOYMENT_TARGET = 8.0;
				LD_RUNPATH_SEARCH_PATHS = "$(inherited) @executable_path/Frameworks";
				PRODUCT_BUNDLE_IDENTIFIER = aries.LYJUnitPublic;
				PRODUCT_NAME = "$(TARGET_NAME)";
			};
			name = Release;
		};
		03F75CC91ED470E900C21160 /* Debug */ = {
			isa = XCBuildConfiguration;
			buildSettings = {
				BUNDLE_LOADER = "$(TEST_HOST)";
				DEVELOPMENT_TEAM = WT46QFDQ67;
				INFOPLIST_FILE = LYJUnitPublicTests/Info.plist;
				LD_RUNPATH_SEARCH_PATHS = "$(inherited) @executable_path/Frameworks @loader_path/Frameworks";
				PRODUCT_BUNDLE_IDENTIFIER = aries.LYJUnitPublicTests;
				PRODUCT_NAME = "$(TARGET_NAME)";
				TEST_HOST = "$(BUILT_PRODUCTS_DIR)/LYJUnitPublic.app/LYJUnitPublic";
			};
			name = Debug;
		};
		03F75CCA1ED470E900C21160 /* Release */ = {
			isa = XCBuildConfiguration;
			buildSettings = {
				BUNDLE_LOADER = "$(TEST_HOST)";
				DEVELOPMENT_TEAM = WT46QFDQ67;
				INFOPLIST_FILE = LYJUnitPublicTests/Info.plist;
				LD_RUNPATH_SEARCH_PATHS = "$(inherited) @executable_path/Frameworks @loader_path/Frameworks";
				PRODUCT_BUNDLE_IDENTIFIER = aries.LYJUnitPublicTests;
				PRODUCT_NAME = "$(TARGET_NAME)";
				TEST_HOST = "$(BUILT_PRODUCTS_DIR)/LYJUnitPublic.app/LYJUnitPublic";
			};
			name = Release;
		};
		03F75CCC1ED470E900C21160 /* Debug */ = {
			isa = XCBuildConfiguration;
			buildSettings = {
				DEVELOPMENT_TEAM = WT46QFDQ67;
				INFOPLIST_FILE = LYJUnitPublicUITests/Info.plist;
				LD_RUNPATH_SEARCH_PATHS = "$(inherited) @executable_path/Frameworks @loader_path/Frameworks";
				PRODUCT_BUNDLE_IDENTIFIER = aries.LYJUnitPublicUITests;
				PRODUCT_NAME = "$(TARGET_NAME)";
				TEST_TARGET_NAME = LYJUnitPublic;
			};
			name = Debug;
		};
		03F75CCD1ED470E900C21160 /* Release */ = {
			isa = XCBuildConfiguration;
			buildSettings = {
				DEVELOPMENT_TEAM = WT46QFDQ67;
				INFOPLIST_FILE = LYJUnitPublicUITests/Info.plist;
				LD_RUNPATH_SEARCH_PATHS = "$(inherited) @executable_path/Frameworks @loader_path/Frameworks";
				PRODUCT_BUNDLE_IDENTIFIER = aries.LYJUnitPublicUITests;
				PRODUCT_NAME = "$(TARGET_NAME)";
				TEST_TARGET_NAME = LYJUnitPublic;
			};
			name = Release;
		};
/* End XCBuildConfiguration section */

/* Begin XCConfigurationList section */
		03F75C931ED470E900C21160 /* Build configuration list for PBXProject "LYJUnitPublic" */ = {
			isa = XCConfigurationList;
			buildConfigurations = (
				03F75CC31ED470E900C21160 /* Debug */,
				03F75CC41ED470E900C21160 /* Release */,
			);
			defaultConfigurationIsVisible = 0;
			defaultConfigurationName = Release;
		};
		03F75CC51ED470E900C21160 /* Build configuration list for PBXNativeTarget "LYJUnitPublic" */ = {
			isa = XCConfigurationList;
			buildConfigurations = (
				03F75CC61ED470E900C21160 /* Debug */,
				03F75CC71ED470E900C21160 /* Release */,
			);
			defaultConfigurationIsVisible = 0;
			defaultConfigurationName = Release;
		};
		03F75CC81ED470E900C21160 /* Build configuration list for PBXNativeTarget "LYJUnitPublicTests" */ = {
			isa = XCConfigurationList;
			buildConfigurations = (
				03F75CC91ED470E900C21160 /* Debug */,
				03F75CCA1ED470E900C21160 /* Release */,
			);
			defaultConfigurationIsVisible = 0;
			defaultConfigurationName = Release;
		};
		03F75CCB1ED470E900C21160 /* Build configuration list for PBXNativeTarget "LYJUnitPublicUITests" */ = {
			isa = XCConfigurationList;
			buildConfigurations = (
				03F75CCC1ED470E900C21160 /* Debug */,
				03F75CCD1ED470E900C21160 /* Release */,
			);
			defaultConfigurationIsVisible = 0;
			defaultConfigurationName = Release;
		};
/* End XCConfigurationList section */
	};
	rootObject = 03F75C901ED470E900C21160 /* Project object */;
}
